
Microsoft Visual Studio Solution File, Format Version 12.00
# Visual Studio Version 16
VisualStudioVersion = 16.0.31321.278
MinimumVisualStudioVersion = 10.0.40219.1
Project("{FAE04EC0-301F-11D3-BF4B-00C04F79EFBC}") = "projet_fin_annee_2", "projet_fin_annee_2.csproj", "{7F4B06EA-A6A7-4419-B655-5EF2D6074F34}"
EndProject
Global
	GlobalSection(SolutionConfigurationPlatforms) = preSolution
		Debug|Any CPU = Debug|Any CPU
		Release|Any CPU = Release|Any CPU
	EndGlobalSection
	GlobalSection(ProjectConfigurationPlatforms) = postSolution
		{7F4B06EA-A6A7-4419-B655-5EF2D6074F34}.Debug|Any CPU.ActiveCfg = Debug|Any CPU
		{7F4B06EA-A6A7-4419-B655-5EF2D6074F34}.Debug|Any CPU.Build.0 = Debug|Any CPU
		{7F4B06EA-A6A7-4419-B655-5EF2D6074F34}.Release|Any CPU.ActiveCfg = Release|Any CPU
		{7F4B06EA-A6A7-4419-B655-5EF2D6074F34}.Release|Any CPU.Build.0 = Release|Any CPU
	EndGlobalSection
	GlobalSection(SolutionProperties) = preSolution
		HideSolutionNode = FALSE
	EndGlobalSection
	GlobalSection(ExtensibilityGlobals) = postSolution
		SolutionGuid = {894AC5E7-8C7E-45B6-A4A0-FBD0F0AE34E7}
	EndGlobalSection
EndGlobal
